// !$*UTF8*$!
{
	archiveVersion = 1;
	classes = {
	};
	objectVersion = 46;
	objects = {

/* Begin PBXBuildFile section */
		B3BD18651B38CD2B00247DB9 /* AppDelegate.swift in Sources */ = {isa = PBXBuildFile; fileRef = B3BD18641B38CD2B00247DB9 /* AppDelegate.swift */; };
		B3BD18681B38CD2B00247DB9 /* Aggregate.xcdatamodeld in Sources */ = {isa = PBXBuildFile; fileRef = B3BD18661B38CD2B00247DB9 /* Aggregate.xcdatamodeld */; };
		B3BD186A1B38CD2B00247DB9 /* MasterViewController.swift in Sources */ = {isa = PBXBuildFile; fileRef = B3BD18691B38CD2B00247DB9 /* MasterViewController.swift */; };
		B3BD186C1B38CD2B00247DB9 /* DetailTableViewController.swift in Sources */ = {isa = PBXBuildFile; fileRef = B3BD186B1B38CD2B00247DB9 /* DetailTableViewController.swift */; };
		B3BD186F1B38CD2B00247DB9 /* Main.storyboard in Resources */ = {isa = PBXBuildFile; fileRef = B3BD186D1B38CD2B00247DB9 /* Main.storyboard */; };
		B3BD18711B38CD2B00247DB9 /* Assets.xcassets in Resources */ = {isa = PBXBuildFile; fileRef = B3BD18701B38CD2B00247DB9 /* Assets.xcassets */; };
		B3BD18741B38CD2B00247DB9 /* LaunchScreen.storyboard in Resources */ = {isa = PBXBuildFile; fileRef = B3BD18721B38CD2B00247DB9 /* LaunchScreen.storyboard */; };
		B3BD18811B38CE1E00247DB9 /* Product+CoreDataProperties.swift in Sources */ = {isa = PBXBuildFile; fileRef = B3BD187F1B38CE1E00247DB9 /* Product+CoreDataProperties.swift */; };
		B3BD18821B38CE1E00247DB9 /* Product.swift in Sources */ = {isa = PBXBuildFile; fileRef = B3BD18801B38CE1E00247DB9 /* Product.swift */; };
		B3BD18861B38D55900247DB9 /* AcmeHatCo.plist in Resources */ = {isa = PBXBuildFile; fileRef = B3BD18851B38D55900247DB9 /* AcmeHatCo.plist */; };
/* End PBXBuildFile section */

/* Begin PBXFileReference section */
		B3BD18611B38CD2B00247DB9 /* Aggregate.app */ = {isa = PBXFileReference; explicitFileType = wrapper.application; includeInIndex = 0; path = Aggregate.app; sourceTree = BUILT_PRODUCTS_DIR; };
		B3BD18641B38CD2B00247DB9 /* AppDelegate.swift */ = {isa = PBXFileReference; lastKnownFileType = sourcecode.swift; path = AppDelegate.swift; sourceTree = "<group>"; };
		B3BD18671B38CD2B00247DB9 /* Aggregate.xcdatamodel */ = {isa = PBXFileReference; lastKnownFileType = wrapper.xcdatamodel; path = Aggregate.xcdatamodel; sourceTree = "<group>"; };
		B3BD18691B38CD2B00247DB9 /* MasterViewController.swift */ = {isa = PBXFileReference; lastKnownFileType = sourcecode.swift; path = MasterViewController.swift; sourceTree = "<group>"; };
		B3BD186B1B38CD2B00247DB9 /* DetailTableViewController.swift */ = {isa = PBXFileReference; lastKnownFileType = sourcecode.swift; path = DetailTableViewController.swift; sourceTree = "<group>"; };
		B3BD186E1B38CD2B00247DB9 /* Base */ = {isa = PBXFileReference; lastKnownFileType = file.storyboard; name = Base; path = Base.lproj/Main.storyboard; sourceTree = "<group>"; };
		B3BD18701B38CD2B00247DB9 /* Assets.xcassets */ = {isa = PBXFileReference; lastKnownFileType = folder.assetcatalog; path = Assets.xcassets; sourceTree = "<group>"; };
		B3BD18731B38CD2B00247DB9 /* Base */ = {isa = PBXFileReference; lastKnownFileType = file.storyboard; name = Base; path = Base.lproj/LaunchScreen.storyboard; sourceTree = "<group>"; };
		B3BD18751B38CD2B00247DB9 /* Info.plist */ = {isa = PBXFileReference; lastKnownFileType = text.plist.xml; path = Info.plist; sourceTree = "<group>"; };
		B3BD187F1B38CE1E00247DB9 /* Product+CoreDataProperties.swift */ = {isa = PBXFileReference; fileEncoding = 4; lastKnownFileType = sourcecode.swift; path = "Product+CoreDataProperties.swift"; sourceTree = "<group>"; };
		B3BD18801B38CE1E00247DB9 /* Product.swift */ = {isa = PBXFileReference; fileEncoding = 4; lastKnownFileType = sourcecode.swift; path = Product.swift; sourceTree = "<group>"; };
		B3BD18851B38D55900247DB9 /* AcmeHatCo.plist */ = {isa = PBXFileReference; fileEncoding = 4; lastKnownFileType = text.plist.xml; path = AcmeHatCo.plist; sourceTree = "<group>"; };
/* End PBXFileReference section */

/* Begin PBXFrameworksBuildPhase section */
		B3BD185E1B38CD2B00247DB9 /* Frameworks */ = {
			isa = PBXFrameworksBuildPhase;
			buildActionMask = 2147483647;
			files = (
			);
			runOnlyForDeploymentPostprocessing = 0;
		};
/* End PBXFrameworksBuildPhase section */

/* Begin PBXGroup section */
		B3BD18581B38CD2B00247DB9 = {
			isa = PBXGroup;
			children = (
				B3BD187F1B38CE1E00247DB9 /* Product+CoreDataProperties.swift */,
				B3BD18801B38CE1E00247DB9 /* Product.swift */,
				B3BD18631B38CD2B00247DB9 /* Aggregate */,
				B3BD18621B38CD2B00247DB9 /* Products */,
			);
			sourceTree = "<group>";
		};
		B3BD18621B38CD2B00247DB9 /* Products */ = {
			isa = PBXGroup;
			children = (
				B3BD18611B38CD2B00247DB9 /* Aggregate.app */,
			);
			name = Products;
			sourceTree = "<group>";
		};
		B3BD18631B38CD2B00247DB9 /* Aggregate */ = {
			isa = PBXGroup;
			children = (
				B3BD18641B38CD2B00247DB9 /* AppDelegate.swift */,
				B3BD18691B38CD2B00247DB9 /* MasterViewController.swift */,
				B3BD186B1B38CD2B00247DB9 /* DetailTableViewController.swift */,
				B3BD186D1B38CD2B00247DB9 /* Main.storyboard */,
				B3BD18701B38CD2B00247DB9 /* Assets.xcassets */,
				B3BD18721B38CD2B00247DB9 /* LaunchScreen.storyboard */,
				B3BD18751B38CD2B00247DB9 /* Info.plist */,
				B3BD18661B38CD2B00247DB9 /* Aggregate.xcdatamodeld */,
				B3BD18851B38D55900247DB9 /* AcmeHatCo.plist */,
			);
			path = Aggregate;
			sourceTree = "<group>";
		};
/* End PBXGroup section */

/* Begin PBXNativeTarget section */
		B3BD18601B38CD2B00247DB9 /* Aggregate */ = {
			isa = PBXNativeTarget;
			buildConfigurationList = B3BD18781B38CD2B00247DB9 /* Build configuration list for PBXNativeTarget "Aggregate" */;
			buildPhases = (
				B3BD185D1B38CD2B00247DB9 /* Sources */,
				B3BD185E1B38CD2B00247DB9 /* Frameworks */,
				B3BD185F1B38CD2B00247DB9 /* Resources */,
			);
			buildRules = (
			);
			dependencies = (
			);
			name = Aggregate;
			productName = Aggregate;
			productReference = B3BD18611B38CD2B00247DB9 /* Aggregate.app */;
			productType = "com.apple.product-type.application";
		};
/* End PBXNativeTarget section */

/* Begin PBXProject section */
		B3BD18591B38CD2B00247DB9 /* Project object */ = {
			isa = PBXProject;
			attributes = {
				LastUpgradeCheck = 0800;
				ORGANIZATIONNAME = "Matt Long";
				TargetAttributes = {
					B3BD18601B38CD2B00247DB9 = {
						CreatedOnToolsVersion = 7.0;
						DevelopmentTeam = GP28YYH8Y3;
						LastSwiftMigration = 0800;
					};
				};
			};
			buildConfigurationList = B3BD185C1B38CD2B00247DB9 /* Build configuration list for PBXProject "Aggregate" */;
			compatibilityVersion = "Xcode 3.2";
			developmentRegion = English;
			hasScannedForEncodings = 0;
			knownRegions = (
				en,
				Base,
			);
			mainGroup = B3BD18581B38CD2B00247DB9;
			productRefGroup = B3BD18621B38CD2B00247DB9 /* Products */;
			projectDirPath = "";
			projectRoot = "";
			targets = (
				B3BD18601B38CD2B00247DB9 /* Aggregate */,
			);
		};
/* End PBXProject section */

/* Begin PBXResourcesBuildPhase section */
		B3BD185F1B38CD2B00247DB9 /* Resources */ = {
			isa = PBXResourcesBuildPhase;
			buildActionMask = 2147483647;
			files = (
				B3BD18741B38CD2B00247DB9 /* LaunchScreen.storyboard in Resources */,
				B3BD18711B38CD2B00247DB9 /* Assets.xcassets in Resources */,
				B3BD18861B38D55900247DB9 /* AcmeHatCo.plist in Resources */,
				B3BD186F1B38CD2B00247DB9 /* Main.storyboard in Resources */,
			);
			runOnlyForDeploymentPostprocessing = 0;
		};
/* End PBXResourcesBuildPhase section */

/* Begin PBXSourcesBuildPhase section */
		B3BD185D1B38CD2B00247DB9 /* Sources */ = {
			isa = PBXSourcesBuildPhase;
			buildActionMask = 2147483647;
			files = (
				B3BD18811B38CE1E00247DB9 /* Product+CoreDataProperties.swift in Sources */,
				B3BD18651B38CD2B00247DB9 /* AppDelegate.swift in Sources */,
				B3BD18681B38CD2B00247DB9 /* Aggregate.xcdatamodeld in Sources */,
				B3BD186A1B38CD2B00247DB9 /* MasterViewController.swift in Sources */,
				B3BD186C1B38CD2B00247DB9 /* DetailTableViewController.swift in Sources */,
				B3BD18821B38CE1E00247DB9 /* Product.swift in Sources */,
			);
			runOnlyForDeploymentPostprocessing = 0;
		};
/* End PBXSourcesBuildPhase section */

/* Begin PBXVariantGroup section */
		B3BD186D1B38CD2B00247DB9 /* Main.storyboard */ = {
			isa = PBXVariantGroup;
			children = (
				B3BD186E1B38CD2B00247DB9 /* Base */,
			);
			name = Main.storyboard;
			sourceTree = "<group>";
		};
		B3BD18721B38CD2B00247DB9 /* LaunchScreen.storyboard */ = {
			isa = PBXVariantGroup;
			children = (
				B3BD18731B38CD2B00247DB9 /* Base */,
			);
			name = LaunchScreen.storyboard;
			sourceTree = "<group>";
		};
/* End PBXVariantGroup section */

/* Begin XCBuildConfiguration section */
		B3BD18761B38CD2B00247DB9 /* Debug */ = {
			isa = XCBuildConfiguration;
			buildSettings = {
				ALWAYS_SEARCH_USER_PATHS = NO;
				CLANG_CXX_LANGUAGE_STANDARD = "gnu++0x";
				CLANG_CXX_LIBRARY = "libc++";
				CLANG_ENABLE_MODULES = YES;
				CLANG_ENABLE_OBJC_ARC = YES;
				CLANG_WARN_BOOL_CONVERSION = YES;
				CLANG_WARN_CONSTANT_CONVERSION = YES;
				CLANG_WARN_DIRECT_OBJC_ISA_USAGE = YES_ERROR;
				CLANG_WARN_EMPTY_BODY = YES;
				CLANG_WARN_ENUM_CONVERSION = YES;
				CLANG_WARN_INFINITE_RECURSION = YES;
				CLANG_WARN_INT_CONVERSION = YES;
				CLANG_WARN_OBJC_ROOT_CLASS = YES_ERROR;
				CLANG_WARN_SUSPICIOUS_MOVE = YES;
				CLANG_WARN_UNREACHABLE_CODE = YES;
				CLANG_WARN__DUPLICATE_METHOD_MATCH = YES;
				"CODE_SIGN_IDENTITY[sdk=iphoneos*]" = "iPhone Developer";
				COPY_PHASE_STRIP = NO;
				DEBUG_INFORMATION_FORMAT = dwarf;
				ENABLE_STRICT_OBJC_MSGSEND = YES;
				ENABLE_TESTABILITY = YES;
				GCC_C_LANGUAGE_STANDARD = gnu99;
				GCC_DYNAMIC_NO_PIC = NO;
				GCC_NO_COMMON_BLOCKS = YES;
				GCC_OPTIMIZATION_LEVEL = 0;
				GCC_PREPROCESSOR_DEFINITIONS = (
					"DEBUG=1",
					"$(inherited)",
				);
				GCC_WARN_64_TO_32_BIT_CONVERSION = YES;
				GCC_WARN_ABOUT_RETURN_TYPE = YES_ERROR;
				GCC_WARN_UNDECLARED_SELECTOR = YES;
				GCC_WARN_UNINITIALIZED_AUTOS = YES_AGGRESSIVE;
				GCC_WARN_UNUSED_FUNCTION = YES;
				GCC_WARN_UNUSED_VARIABLE = YES;
				IPHONEOS_DEPLOYMENT_TARGET = 9.0;
				MTL_ENABLE_DEBUG_INFO = YES;
				ONLY_ACTIVE_ARCH = YES;
				SDKROOT = iphoneos;
				SWIFT_OPTIMIZATION_LEVEL = "-Onone";
				TARGETED_DEVICE_FAMILY = 2;
			};
			name = Debug;
		};
		B3BD18771B38CD2B00247DB9 /* Release */ = {
			isa = XCBuildConfiguration;
			buildSettings = {
				ALWAYS_SEARCH_USER_PATHS = NO;
				CLANG_CXX_LANGUAGE_STANDARD = "gnu++0x";
				CLANG_CXX_LIBRARY = "libc++";
				CLANG_ENABLE_MODULES = YES;
				CLANG_ENABLE_OBJC_ARC = YES;
				CLANG_WARN_BOOL_CONVERSION = YES;
				CLANG_WARN_CONSTANT_CONVERSION = YES;
				CLANG_WARN_DIRECT_OBJC_ISA_USAGE = YES_ERROR;
				CLANG_WARN_EMPTY_BODY = YES;
				CLANG_WARN_ENUM_CONVERSION = YES;
				CLANG_WARN_INFINITE_RECURSION = YES;
				CLANG_WARN_INT_CONVERSION = YES;
				CLANG_WARN_OBJC_ROOT_CLASS = YES_ERROR;
				CLANG_WARN_SUSPICIOUS_MOVE = YES;
				CLANG_WARN_UNREACHABLE_CODE = YES;
				CLANG_WARN__DUPLICATE_METHOD_MATCH = YES;
				"CODE_SIGN_IDENTITY[sdk=iphoneos*]" = "iPhone Developer";
				COPY_PHASE_STRIP = NO;
				DEBUG_INFORMATION_FORMAT = "dwarf-with-dsym";
				ENABLE_NS_ASSERTIONS = NO;
				ENABLE_STRICT_OBJC_MSGSEND = YES;
				GCC_C_LANGUAGE_STANDARD = gnu99;
				GCC_NO_COMMON_BLOCKS = YES;
				GCC_WARN_64_TO_32_BIT_CONVERSION = YES;
				GCC_WARN_ABOUT_RETURN_TYPE = YES_ERROR;
				GCC_WARN_UNDECLARED_SELECTOR = YES;
				GCC_WARN_UNINITIALIZED_AUTOS = YES_AGGRESSIVE;
				GCC_WARN_UNUSED_FUNCTION = YES;
				GCC_WARN_UNUSED_VARIABLE = YES;
				IPHONEOS_DEPLOYMENT_TARGET = 9.0;
				MTL_ENABLE_DEBUG_INFO = NO;
				SDKROOT = iphoneos;
				SWIFT_OPTIMIZATION_LEVEL = "-Owholemodule";
				TARGETED_DEVICE_FAMILY = 2;
				VALIDATE_PRODUCT = YES;
			};
			name = Release;
		};
		B3BD18791B38CD2B00247DB9 /* Debug */ = {
			isa = XCBuildConfiguration;
			buildSettings = {
				ASSETCATALOG_COMPILER_APPICON_NAME = AppIcon;
				DEVELOPMENT_TEAM = GP28YYH8Y3;
				INFOPLIST_FILE = Aggregate/Info.plist;
				LD_RUNPATH_SEARCH_PATHS = "$(inherited) @executable_path/Frameworks";
				PRODUCT_BUNDLE_IDENTIFIER = com.matthewlong.Aggregate;
				PRODUCT_NAME = "$(TARGET_NAME)";
				SWIFT_VERSION = 3.0;
			};
			name = Debug;
		};
		B3BD187A1B38CD2B00247DB9 /* Release */ = {
			isa = XCBuildConfiguration;
			buildSettings = {
				ASSETCATALOG_COMPILER_APPICON_NAME = AppIcon;
				DEVELOPMENT_TEAM = GP28YYH8Y3;
				INFOPLIST_FILE = Aggregate/Info.plist;
				LD_RUNPATH_SEARCH_PATHS = "$(inherited) @executable_path/Frameworks";
				PRODUCT_BUNDLE_IDENTIFIER = com.matthewlong.Aggregate;
				PRODUCT_NAME = "$(TARGET_NAME)";
				SWIFT_VERSION = 3.0;
			};
			name = Release;
		};
/* End XCBuildConfiguration section */

/* Begin XCConfigurationList section */
		B3BD185C1B38CD2B00247DB9 /* Build configuration list for PBXProject "Aggregate" */ = {
			isa = XCConfigurationList;
			buildConfigurations = (
				B3BD18761B38CD2B00247DB9 /* Debug */,
				B3BD18771B38CD2B00247DB9 /* Release */,
			);
			defaultConfigurationIsVisible = 0;
			defaultConfigurationName = Release;
		};
		B3BD18781B38CD2B00247DB9 /* Build configuration list for PBXNativeTarget "Aggregate" */ = {
			isa = XCConfigurationList;
			buildConfigurations = (
				B3BD18791B38CD2B00247DB9 /* Debug */,
				B3BD187A1B38CD2B00247DB9 /* Release */,
			);
			defaultConfigurationIsVisible = 0;
			defaultConfigurationName = Release;
		};
/* End XCConfigurationList section */

/* Begin XCVersionGroup section */
		B3BD18661B38CD2B00247DB9 /* Aggregate.xcdatamodeld */ = {
			isa = XCVersionGroup;
			children = (
				B3BD18671B38CD2B00247DB9 /* Aggregate.xcdatamodel */,
			);
			currentVersion = B3BD18671B38CD2B00247DB9 /* Aggregate.xcdatamodel */;
			path = Aggregate.xcdatamodeld;
			sourceTree = "<group>";
			versionGroupType = wrapper.xcdatamodel;
		};
/* End XCVersionGroup section */
	};
	rootObject = B3BD18591B38CD2B00247DB9 /* Project object */;
}
